
Microsoft Visual Studio Solution File, Format Version 12.00
# Visual Studio Version 17
VisualStudioVersion = 17.0.31912.275
MinimumVisualStudioVersion = 10.0.40219.1
Project("{FAE04EC0-301F-11D3-BF4B-00C04F79EFBC}") = "Interfaces", "Interfaces\Interfaces.csproj", "{2F74B209-F209-47B4-9ABD-315BA8D4F462}"
EndProject
Global
	GlobalSection(SolutionConfigurationPlatforms) = preSolution
		Debug|Any CPU = Debug|Any CPU
		Release|Any CPU = Release|Any CPU
	EndGlobalSection
	GlobalSection(ProjectConfigurationPlatforms) = postSolution
		{2F74B209-F209-47B4-9ABD-315BA8D4F462}.Debug|Any CPU.ActiveCfg = Debug|Any CPU
		{2F74B209-F209-47B4-9ABD-315BA8D4F462}.Debug|Any CPU.Build.0 = Debug|Any CPU
		{2F74B209-F209-47B4-9ABD-315BA8D4F462}.Release|Any CPU.ActiveCfg = Release|Any CPU
		{2F74B209-F209-47B4-9ABD-315BA8D4F462}.Release|Any CPU.Build.0 = Release|Any CPU
	EndGlobalSection
	GlobalSection(SolutionProperties) = preSolution
		HideSolutionNode = FALSE
	EndGlobalSection
	GlobalSection(ExtensibilityGlobals) = postSolution
		SolutionGuid = {B9AB8304-5C92-48EE-85E3-B661F139A30B}
	EndGlobalSection
EndGlobal
